
Microsoft Visual Studio Solution File, Format Version 12.00
# Visual Studio Version 17
VisualStudioVersion = 17.11.35303.130
MinimumVisualStudioVersion = 10.0.40219.1
Project("{FAE04EC0-301F-11D3-BF4B-00C04F79EFBC}") = "Week4Loops", "Week4Loops\Week4Loops.csproj", "{1004249B-4748-4E44-9C27-D40EB32B4AFA}"
EndProject
Project("{FAE04EC0-301F-11D3-BF4B-00C04F79EFBC}") = "ForLoopSum", "ForLoopSum\ForLoopSum.csproj", "{64C4306D-2C29-40DC-B677-A642608A92E0}"
EndProject
Project("{FAE04EC0-301F-11D3-BF4B-00C04F79EFBC}") = "RandomNumber", "RandomNumber\RandomNumber.csproj", "{CA53CA2C-9EC5-42BE-8CD4-1CFC207C26C9}"
EndProject
Project("{FAE04EC0-301F-11D3-BF4B-00C04F79EFBC}") = "WhileLoops", "WhileLoops\WhileLoops.csproj", "{72B93C1C-FA0A-44B9-A6D4-0322CB70185D}"
EndProject
Global
	GlobalSection(SolutionConfigurationPlatforms) = preSolution
		Debug|Any CPU = Debug|Any CPU
		Release|Any CPU = Release|Any CPU
	EndGlobalSection
	GlobalSection(ProjectConfigurationPlatforms) = postSolution
		{1004249B-4748-4E44-9C27-D40EB32B4AFA}.Debug|Any CPU.ActiveCfg = Debug|Any CPU
		{1004249B-4748-4E44-9C27-D40EB32B4AFA}.Debug|Any CPU.Build.0 = Debug|Any CPU
		{1004249B-4748-4E44-9C27-D40EB32B4AFA}.Release|Any CPU.ActiveCfg = Release|Any CPU
		{1004249B-4748-4E44-9C27-D40EB32B4AFA}.Release|Any CPU.Build.0 = Release|Any CPU
		{64C4306D-2C29-40DC-B677-A642608A92E0}.Debug|Any CPU.ActiveCfg = Debug|Any CPU
		{64C4306D-2C29-40DC-B677-A642608A92E0}.Debug|Any CPU.Build.0 = Debug|Any CPU
		{64C4306D-2C29-40DC-B677-A642608A92E0}.Release|Any CPU.ActiveCfg = Release|Any CPU
		{64C4306D-2C29-40DC-B677-A642608A92E0}.Release|Any CPU.Build.0 = Release|Any CPU
		{CA53CA2C-9EC5-42BE-8CD4-1CFC207C26C9}.Debug|Any CPU.ActiveCfg = Debug|Any CPU
		{CA53CA2C-9EC5-42BE-8CD4-1CFC207C26C9}.Debug|Any CPU.Build.0 = Debug|Any CPU
		{CA53CA2C-9EC5-42BE-8CD4-1CFC207C26C9}.Release|Any CPU.ActiveCfg = Release|Any CPU
		{CA53CA2C-9EC5-42BE-8CD4-1CFC207C26C9}.Release|Any CPU.Build.0 = Release|Any CPU
		{72B93C1C-FA0A-44B9-A6D4-0322CB70185D}.Debug|Any CPU.ActiveCfg = Debug|Any CPU
		{72B93C1C-FA0A-44B9-A6D4-0322CB70185D}.Debug|Any CPU.Build.0 = Debug|Any CPU
		{72B93C1C-FA0A-44B9-A6D4-0322CB70185D}.Release|Any CPU.ActiveCfg = Release|Any CPU
		{72B93C1C-FA0A-44B9-A6D4-0322CB70185D}.Release|Any CPU.Build.0 = Release|Any CPU
	EndGlobalSection
	GlobalSection(SolutionProperties) = preSolution
		HideSolutionNode = FALSE
	EndGlobalSection
	GlobalSection(ExtensibilityGlobals) = postSolution
		SolutionGuid = {C26FDD92-B6FC-45C7-8EEE-715FF729ED4A}
	EndGlobalSection
EndGlobal
